
Microsoft Visual Studio Solution File, Format Version 12.00
# Visual Studio 15
VisualStudioVersion = 15.0.26730.16
MinimumVisualStudioVersion = 10.0.40219.1
Project("{FAE04EC0-301F-11D3-BF4B-00C04F79EFBC}") = "ArtigoAreaMVC5", "ArtigoAreaMVC5\ArtigoAreaMVC5.csproj", "{932456FE-8B84-4084-BBAA-CD49509B4CEA}"
EndProject
Global
	GlobalSection(SolutionConfigurationPlatforms) = preSolution
		Debug|Any CPU = Debug|Any CPU
		Release|Any CPU = Release|Any CPU
	EndGlobalSection
	GlobalSection(ProjectConfigurationPlatforms) = postSolution
		{932456FE-8B84-4084-BBAA-CD49509B4CEA}.Debug|Any CPU.ActiveCfg = Debug|Any CPU
		{932456FE-8B84-4084-BBAA-CD49509B4CEA}.Debug|Any CPU.Build.0 = Debug|Any CPU
		{932456FE-8B84-4084-BBAA-CD49509B4CEA}.Release|Any CPU.ActiveCfg = Release|Any CPU
		{932456FE-8B84-4084-BBAA-CD49509B4CEA}.Release|Any CPU.Build.0 = Release|Any CPU
	EndGlobalSection
	GlobalSection(SolutionProperties) = preSolution
		HideSolutionNode = FALSE
	EndGlobalSection
	GlobalSection(ExtensibilityGlobals) = postSolution
		SolutionGuid = {31CFDC12-EF0F-44F9-BB75-2576298663F3}
	EndGlobalSection
EndGlobal
